
Microsoft Visual Studio Solution File, Format Version 11.00
# Visual Studio 2010
Project("{FAE04EC0-301F-11D3-BF4B-00C04F79EFBC}") = "LibMonoAstron", "LibMonoAstron\LibMonoAstron.csproj", "{DDF4306D-6F88-42B2-8D8B-F8B41207A7A9}"
EndProject
Project("{FAE04EC0-301F-11D3-BF4B-00C04F79EFBC}") = "UnitTests", "UnitTests\UnitTests.csproj", "{AB777721-22A1-4CE3-8AD6-3CB3794FF02C}"
EndProject
Global
	GlobalSection(SolutionConfigurationPlatforms) = preSolution
		Debug|Any CPU = Debug|Any CPU
		Release|Any CPU = Release|Any CPU
	EndGlobalSection
	GlobalSection(ProjectConfigurationPlatforms) = postSolution
		{AB777721-22A1-4CE3-8AD6-3CB3794FF02C}.Debug|Any CPU.ActiveCfg = Debug|Any CPU
		{AB777721-22A1-4CE3-8AD6-3CB3794FF02C}.Debug|Any CPU.Build.0 = Debug|Any CPU
		{AB777721-22A1-4CE3-8AD6-3CB3794FF02C}.Release|Any CPU.ActiveCfg = Release|Any CPU
		{AB777721-22A1-4CE3-8AD6-3CB3794FF02C}.Release|Any CPU.Build.0 = Release|Any CPU
		{DDF4306D-6F88-42B2-8D8B-F8B41207A7A9}.Debug|Any CPU.ActiveCfg = Debug|Any CPU
		{DDF4306D-6F88-42B2-8D8B-F8B41207A7A9}.Debug|Any CPU.Build.0 = Debug|Any CPU
		{DDF4306D-6F88-42B2-8D8B-F8B41207A7A9}.Release|Any CPU.ActiveCfg = Release|Any CPU
		{DDF4306D-6F88-42B2-8D8B-F8B41207A7A9}.Release|Any CPU.Build.0 = Release|Any CPU
	EndGlobalSection
	GlobalSection(MonoDevelopProperties) = preSolution
		StartupItem = LibMonoAstron\LibMonoAstron.csproj
		Policies = $0
		$0.DotNetNamingPolicy = $1
		$1.DirectoryNamespaceAssociation = None
		$1.ResourceNamePolicy = FileFormatDefault
		$0.TextStylePolicy = $2
		$2.TabsToSpaces = False
		$2.EolMarker = Unix
		$2.inheritsSet = VisualStudio
		$2.inheritsScope = text/plain
		$2.scope = text/x-csharp
		$0.CSharpFormattingPolicy = $3
		$3.IndentSwitchBody = True
		$3.AnonymousMethodBraceStyle = NextLine
		$3.PropertyBraceStyle = NextLine
		$3.PropertyGetBraceStyle = NextLine
		$3.PropertySetBraceStyle = NextLine
		$3.EventBraceStyle = NextLine
		$3.EventAddBraceStyle = NextLine
		$3.EventRemoveBraceStyle = NextLine
		$3.StatementBraceStyle = NextLine
		$3.ArrayInitializerBraceStyle = NextLine
		$3.BeforeMethodDeclarationParentheses = False
		$3.BeforeMethodCallParentheses = False
		$3.BeforeConstructorDeclarationParentheses = False
		$3.BeforeDelegateDeclarationParentheses = False
		$3.NewParentheses = False
		$3.inheritsSet = Mono
		$3.inheritsScope = text/x-csharp
		$3.scope = text/x-csharp
		$0.TextStylePolicy = $4
		$4.TabsToSpaces = False
		$4.EolMarker = Unix
		$4.inheritsSet = VisualStudio
		$4.inheritsScope = text/plain
		$4.scope = text/plain
	EndGlobalSection
EndGlobal
